// !$*UTF8*$!
{
	archiveVersion = 1;
	classes = {
	};
	objectVersion = 50;
	objects = {

/* Begin PBXBuildFile section */
		7264DA6926ECF50100BE7367 /* AppDelegate.swift in Sources */ = {isa = PBXBuildFile; fileRef = 7264DA6826ECF50100BE7367 /* AppDelegate.swift */; };
		7264DA6D26ECF50100BE7367 /* ViewController.swift in Sources */ = {isa = PBXBuildFile; fileRef = 7264DA6C26ECF50100BE7367 /* ViewController.swift */; };
		7264DA7026ECF50100BE7367 /* Main.storyboard in Resources */ = {isa = PBXBuildFile; fileRef = 7264DA6E26ECF50100BE7367 /* Main.storyboard */; };
		7264DA7326ECF50100BE7367 /* task_ten.xcdatamodeld in Sources */ = {isa = PBXBuildFile; fileRef = 7264DA7126ECF50100BE7367 /* task_ten.xcdatamodeld */; };
		7264DA7526ECF50200BE7367 /* Assets.xcassets in Resources */ = {isa = PBXBuildFile; fileRef = 7264DA7426ECF50200BE7367 /* Assets.xcassets */; };
		7264DA7826ECF50200BE7367 /* LaunchScreen.storyboard in Resources */ = {isa = PBXBuildFile; fileRef = 7264DA7626ECF50200BE7367 /* LaunchScreen.storyboard */; };
/* End PBXBuildFile section */

/* Begin PBXFileReference section */
		7264DA6526ECF50100BE7367 /* task-ten.app */ = {isa = PBXFileReference; explicitFileType = wrapper.application; includeInIndex = 0; path = "task-ten.app"; sourceTree = BUILT_PRODUCTS_DIR; };
		7264DA6826ECF50100BE7367 /* AppDelegate.swift */ = {isa = PBXFileReference; lastKnownFileType = sourcecode.swift; path = AppDelegate.swift; sourceTree = "<group>"; };
		7264DA6C26ECF50100BE7367 /* ViewController.swift */ = {isa = PBXFileReference; lastKnownFileType = sourcecode.swift; path = ViewController.swift; sourceTree = "<group>"; };
		7264DA6F26ECF50100BE7367 /* Base */ = {isa = PBXFileReference; lastKnownFileType = file.storyboard; name = Base; path = Base.lproj/Main.storyboard; sourceTree = "<group>"; };
		7264DA7226ECF50100BE7367 /* task_ten.xcdatamodel */ = {isa = PBXFileReference; lastKnownFileType = wrapper.xcdatamodel; path = task_ten.xcdatamodel; sourceTree = "<group>"; };
		7264DA7426ECF50200BE7367 /* Assets.xcassets */ = {isa = PBXFileReference; lastKnownFileType = folder.assetcatalog; path = Assets.xcassets; sourceTree = "<group>"; };
		7264DA7726ECF50200BE7367 /* Base */ = {isa = PBXFileReference; lastKnownFileType = file.storyboard; name = Base; path = Base.lproj/LaunchScreen.storyboard; sourceTree = "<group>"; };
		7264DA7926ECF50200BE7367 /* Info.plist */ = {isa = PBXFileReference; lastKnownFileType = text.plist.xml; path = Info.plist; sourceTree = "<group>"; };
/* End PBXFileReference section */

/* Begin PBXFrameworksBuildPhase section */
		7264DA6226ECF50100BE7367 /* Frameworks */ = {
			isa = PBXFrameworksBuildPhase;
			buildActionMask = 2147483647;
			files = (
			);
			runOnlyForDeploymentPostprocessing = 0;
		};
/* End PBXFrameworksBuildPhase section */

/* Begin PBXGroup section */
		7264DA5C26ECF50100BE7367 = {
			isa = PBXGroup;
			children = (
				7264DA6726ECF50100BE7367 /* task-ten */,
				7264DA6626ECF50100BE7367 /* Products */,
			);
			sourceTree = "<group>";
		};
		7264DA6626ECF50100BE7367 /* Products */ = {
			isa = PBXGroup;
			children = (
				7264DA6526ECF50100BE7367 /* task-ten.app */,
			);
			name = Products;
			sourceTree = "<group>";
		};
		7264DA6726ECF50100BE7367 /* task-ten */ = {
			isa = PBXGroup;
			children = (
				7264DA8226ED02B800BE7367 /* Controller */,
				7264DA7F26ECF90100BE7367 /* Main */,
				7264DA6C26ECF50100BE7367 /* ViewController.swift */,
				7264DA7426ECF50200BE7367 /* Assets.xcassets */,
				7264DA7926ECF50200BE7367 /* Info.plist */,
				7264DA7126ECF50100BE7367 /* task_ten.xcdatamodeld */,
			);
			path = "task-ten";
			sourceTree = "<group>";
		};
		7264DA7F26ECF90100BE7367 /* Main */ = {
			isa = PBXGroup;
			children = (
				7264DA8126ECF92A00BE7367 /* Application */,
				7264DA8026ECF91600BE7367 /* Storyboards */,
			);
			path = Main;
			sourceTree = "<group>";
		};
		7264DA8026ECF91600BE7367 /* Storyboards */ = {
			isa = PBXGroup;
			children = (
				7264DA6E26ECF50100BE7367 /* Main.storyboard */,
				7264DA7626ECF50200BE7367 /* LaunchScreen.storyboard */,
			);
			path = Storyboards;
			sourceTree = "<group>";
		};
		7264DA8126ECF92A00BE7367 /* Application */ = {
			isa = PBXGroup;
			children = (
				7264DA6826ECF50100BE7367 /* AppDelegate.swift */,
			);
			path = Application;
			sourceTree = "<group>";
		};
		7264DA8226ED02B800BE7367 /* Controller */ = {
			isa = PBXGroup;
			children = (
			);
			path = Controller;
			sourceTree = "<group>";
		};
/* End PBXGroup section */

/* Begin PBXNativeTarget section */
		7264DA6426ECF50100BE7367 /* task-ten */ = {
			isa = PBXNativeTarget;
			buildConfigurationList = 7264DA7C26ECF50200BE7367 /* Build configuration list for PBXNativeTarget "task-ten" */;
			buildPhases = (
				7264DA6126ECF50100BE7367 /* Sources */,
				7264DA6226ECF50100BE7367 /* Frameworks */,
				7264DA6326ECF50100BE7367 /* Resources */,
			);
			buildRules = (
			);
			dependencies = (
			);
			name = "task-ten";
			productName = "task-ten";
			productReference = 7264DA6526ECF50100BE7367 /* task-ten.app */;
			productType = "com.apple.product-type.application";
		};
/* End PBXNativeTarget section */

/* Begin PBXProject section */
		7264DA5D26ECF50100BE7367 /* Project object */ = {
			isa = PBXProject;
			attributes = {
				CLASSPREFIX = DK;
				LastSwiftUpdateCheck = 1250;
				LastUpgradeCheck = 1250;
				ORGANIZATIONNAME = dimkomar;
				TargetAttributes = {
					7264DA6426ECF50100BE7367 = {
						CreatedOnToolsVersion = 12.5.1;
					};
				};
			};
			buildConfigurationList = 7264DA6026ECF50100BE7367 /* Build configuration list for PBXProject "task-ten" */;
			compatibilityVersion = "Xcode 9.3";
			developmentRegion = en;
			hasScannedForEncodings = 0;
			knownRegions = (
				en,
				Base,
			);
			mainGroup = 7264DA5C26ECF50100BE7367;
			productRefGroup = 7264DA6626ECF50100BE7367 /* Products */;
			projectDirPath = "";
			projectRoot = "";
			targets = (
				7264DA6426ECF50100BE7367 /* task-ten */,
			);
		};
/* End PBXProject section */

/* Begin PBXResourcesBuildPhase section */
		7264DA6326ECF50100BE7367 /* Resources */ = {
			isa = PBXResourcesBuildPhase;
			buildActionMask = 2147483647;
			files = (
				7264DA7826ECF50200BE7367 /* LaunchScreen.storyboard in Resources */,
				7264DA7526ECF50200BE7367 /* Assets.xcassets in Resources */,
				7264DA7026ECF50100BE7367 /* Main.storyboard in Resources */,
			);
			runOnlyForDeploymentPostprocessing = 0;
		};
/* End PBXResourcesBuildPhase section */

/* Begin PBXSourcesBuildPhase section */
		7264DA6126ECF50100BE7367 /* Sources */ = {
			isa = PBXSourcesBuildPhase;
			buildActionMask = 2147483647;
			files = (
				7264DA6D26ECF50100BE7367 /* ViewController.swift in Sources */,
				7264DA6926ECF50100BE7367 /* AppDelegate.swift in Sources */,
				7264DA7326ECF50100BE7367 /* task_ten.xcdatamodeld in Sources */,
			);
			runOnlyForDeploymentPostprocessing = 0;
		};
/* End PBXSourcesBuildPhase section */

/* Begin PBXVariantGroup section */
		7264DA6E26ECF50100BE7367 /* Main.storyboard */ = {
			isa = PBXVariantGroup;
			children = (
				7264DA6F26ECF50100BE7367 /* Base */,
			);
			name = Main.storyboard;
			sourceTree = "<group>";
		};
		7264DA7626ECF50200BE7367 /* LaunchScreen.storyboard */ = {
			isa = PBXVariantGroup;
			children = (
				7264DA7726ECF50200BE7367 /* Base */,
			);
			name = LaunchScreen.storyboard;
			sourceTree = "<group>";
		};
/* End PBXVariantGroup section */

/* Begin XCBuildConfiguration section */
		7264DA7A26ECF50200BE7367 /* Debug */ = {
			isa = XCBuildConfiguration;
			buildSettings = {
				ALWAYS_SEARCH_USER_PATHS = NO;
				CLANG_ANALYZER_NONNULL = YES;
				CLANG_ANALYZER_NUMBER_OBJECT_CONVERSION = YES_AGGRESSIVE;
				CLANG_CXX_LANGUAGE_STANDARD = "gnu++14";
				CLANG_CXX_LIBRARY = "libc++";
				CLANG_ENABLE_MODULES = YES;
				CLANG_ENABLE_OBJC_ARC = YES;
				CLANG_ENABLE_OBJC_WEAK = YES;
				CLANG_WARN_BLOCK_CAPTURE_AUTORELEASING = YES;
				CLANG_WARN_BOOL_CONVERSION = YES;
				CLANG_WARN_COMMA = YES;
				CLANG_WARN_CONSTANT_CONVERSION = YES;
				CLANG_WARN_DEPRECATED_OBJC_IMPLEMENTATIONS = YES;
				CLANG_WARN_DIRECT_OBJC_ISA_USAGE = YES_ERROR;
				CLANG_WARN_DOCUMENTATION_COMMENTS = YES;
				CLANG_WARN_EMPTY_BODY = YES;
				CLANG_WARN_ENUM_CONVERSION = YES;
				CLANG_WARN_INFINITE_RECURSION = YES;
				CLANG_WARN_INT_CONVERSION = YES;
				CLANG_WARN_NON_LITERAL_NULL_CONVERSION = YES;
				CLANG_WARN_OBJC_IMPLICIT_RETAIN_SELF = YES;
				CLANG_WARN_OBJC_LITERAL_CONVERSION = YES;
				CLANG_WARN_OBJC_ROOT_CLASS = YES_ERROR;
				CLANG_WARN_QUOTED_INCLUDE_IN_FRAMEWORK_HEADER = YES;
				CLANG_WARN_RANGE_LOOP_ANALYSIS = YES;
				CLANG_WARN_STRICT_PROTOTYPES = YES;
				CLANG_WARN_SUSPICIOUS_MOVE = YES;
				CLANG_WARN_UNGUARDED_AVAILABILITY = YES_AGGRESSIVE;
				CLANG_WARN_UNREACHABLE_CODE = YES;
				CLANG_WARN__DUPLICATE_METHOD_MATCH = YES;
				COPY_PHASE_STRIP = NO;
				DEBUG_INFORMATION_FORMAT = dwarf;
				ENABLE_STRICT_OBJC_MSGSEND = YES;
				ENABLE_TESTABILITY = YES;
				GCC_C_LANGUAGE_STANDARD = gnu11;
				GCC_DYNAMIC_NO_PIC = NO;
				GCC_NO_COMMON_BLOCKS = YES;
				GCC_OPTIMIZATION_LEVEL = 0;
				GCC_PREPROCESSOR_DEFINITIONS = (
					"DEBUG=1",
					"$(inherited)",
				);
				GCC_WARN_64_TO_32_BIT_CONVERSION = YES;
				GCC_WARN_ABOUT_RETURN_TYPE = YES_ERROR;
				GCC_WARN_UNDECLARED_SELECTOR = YES;
				GCC_WARN_UNINITIALIZED_AUTOS = YES_AGGRESSIVE;
				GCC_WARN_UNUSED_FUNCTION = YES;
				GCC_WARN_UNUSED_VARIABLE = YES;
				IPHONEOS_DEPLOYMENT_TARGET = 12.1;
				MTL_ENABLE_DEBUG_INFO = INCLUDE_SOURCE;
				MTL_FAST_MATH = YES;
				ONLY_ACTIVE_ARCH = YES;
				SDKROOT = iphoneos;
				SWIFT_ACTIVE_COMPILATION_CONDITIONS = DEBUG;
				SWIFT_OPTIMIZATION_LEVEL = "-Onone";
			};
			name = Debug;
		};
		7264DA7B26ECF50200BE7367 /* Release */ = {
			isa = XCBuildConfiguration;
			buildSettings = {
				ALWAYS_SEARCH_USER_PATHS = NO;
				CLANG_ANALYZER_NONNULL = YES;
				CLANG_ANALYZER_NUMBER_OBJECT_CONVERSION = YES_AGGRESSIVE;
				CLANG_CXX_LANGUAGE_STANDARD = "gnu++14";
				CLANG_CXX_LIBRARY = "libc++";
				CLANG_ENABLE_MODULES = YES;
				CLANG_ENABLE_OBJC_ARC = YES;
				CLANG_ENABLE_OBJC_WEAK = YES;
				CLANG_WARN_BLOCK_CAPTURE_AUTORELEASING = YES;
				CLANG_WARN_BOOL_CONVERSION = YES;
				CLANG_WARN_COMMA = YES;
				CLANG_WARN_CONSTANT_CONVERSION = YES;
				CLANG_WARN_DEPRECATED_OBJC_IMPLEMENTATIONS = YES;
				CLANG_WARN_DIRECT_OBJC_ISA_USAGE = YES_ERROR;
				CLANG_WARN_DOCUMENTATION_COMMENTS = YES;
				CLANG_WARN_EMPTY_BODY = YES;
				CLANG_WARN_ENUM_CONVERSION = YES;
				CLANG_WARN_INFINITE_RECURSION = YES;
				CLANG_WARN_INT_CONVERSION = YES;
				CLANG_WARN_NON_LITERAL_NULL_CONVERSION = YES;
				CLANG_WARN_OBJC_IMPLICIT_RETAIN_SELF = YES;
				CLANG_WARN_OBJC_LITERAL_CONVERSION = YES;
				CLANG_WARN_OBJC_ROOT_CLASS = YES_ERROR;
				CLANG_WARN_QUOTED_INCLUDE_IN_FRAMEWORK_HEADER = YES;
				CLANG_WARN_RANGE_LOOP_ANALYSIS = YES;
				CLANG_WARN_STRICT_PROTOTYPES = YES;
				CLANG_WARN_SUSPICIOUS_MOVE = YES;
				CLANG_WARN_UNGUARDED_AVAILABILITY = YES_AGGRESSIVE;
				CLANG_WARN_UNREACHABLE_CODE = YES;
				CLANG_WARN__DUPLICATE_METHOD_MATCH = YES;
				COPY_PHASE_STRIP = NO;
				DEBUG_INFORMATION_FORMAT = "dwarf-with-dsym";
				ENABLE_NS_ASSERTIONS = NO;
				ENABLE_STRICT_OBJC_MSGSEND = YES;
				GCC_C_LANGUAGE_STANDARD = gnu11;
				GCC_NO_COMMON_BLOCKS = YES;
				GCC_WARN_64_TO_32_BIT_CONVERSION = YES;
				GCC_WARN_ABOUT_RETURN_TYPE = YES_ERROR;
				GCC_WARN_UNDECLARED_SELECTOR = YES;
				GCC_WARN_UNINITIALIZED_AUTOS = YES_AGGRESSIVE;
				GCC_WARN_UNUSED_FUNCTION = YES;
				GCC_WARN_UNUSED_VARIABLE = YES;
				IPHONEOS_DEPLOYMENT_TARGET = 12.1;
				MTL_ENABLE_DEBUG_INFO = NO;
				MTL_FAST_MATH = YES;
				SDKROOT = iphoneos;
				SWIFT_COMPILATION_MODE = wholemodule;
				SWIFT_OPTIMIZATION_LEVEL = "-O";
				VALIDATE_PRODUCT = YES;
			};
			name = Release;
		};
		7264DA7D26ECF50200BE7367 /* Debug */ = {
			isa = XCBuildConfiguration;
			buildSettings = {
				ASSETCATALOG_COMPILER_APPICON_NAME = AppIcon;
				ASSETCATALOG_COMPILER_GLOBAL_ACCENT_COLOR_NAME = AccentColor;
				CODE_SIGN_STYLE = Automatic;
				INFOPLIST_FILE = "task-ten/Info.plist";
				LD_RUNPATH_SEARCH_PATHS = (
					"$(inherited)",
					"@executable_path/Frameworks",
				);
				PRODUCT_BUNDLE_IDENTIFIER = "dimkomar.task-ten";
				PRODUCT_NAME = "$(TARGET_NAME)";
				SWIFT_VERSION = 5.0;
				TARGETED_DEVICE_FAMILY = 1;
			};
			name = Debug;
		};
		7264DA7E26ECF50200BE7367 /* Release */ = {
			isa = XCBuildConfiguration;
			buildSettings = {
				ASSETCATALOG_COMPILER_APPICON_NAME = AppIcon;
				ASSETCATALOG_COMPILER_GLOBAL_ACCENT_COLOR_NAME = AccentColor;
				CODE_SIGN_STYLE = Automatic;
				INFOPLIST_FILE = "task-ten/Info.plist";
				LD_RUNPATH_SEARCH_PATHS = (
					"$(inherited)",
					"@executable_path/Frameworks",
				);
				PRODUCT_BUNDLE_IDENTIFIER = "dimkomar.task-ten";
				PRODUCT_NAME = "$(TARGET_NAME)";
				SWIFT_VERSION = 5.0;
				TARGETED_DEVICE_FAMILY = 1;
			};
			name = Release;
		};
/* End XCBuildConfiguration section */

/* Begin XCConfigurationList section */
		7264DA6026ECF50100BE7367 /* Build configuration list for PBXProject "task-ten" */ = {
			isa = XCConfigurationList;
			buildConfigurations = (
				7264DA7A26ECF50200BE7367 /* Debug */,
				7264DA7B26ECF50200BE7367 /* Release */,
			);
			defaultConfigurationIsVisible = 0;
			defaultConfigurationName = Release;
		};
		7264DA7C26ECF50200BE7367 /* Build configuration list for PBXNativeTarget "task-ten" */ = {
			isa = XCConfigurationList;
			buildConfigurations = (
				7264DA7D26ECF50200BE7367 /* Debug */,
				7264DA7E26ECF50200BE7367 /* Release */,
			);
			defaultConfigurationIsVisible = 0;
			defaultConfigurationName = Release;
		};
/* End XCConfigurationList section */

/* Begin XCVersionGroup section */
		7264DA7126ECF50100BE7367 /* task_ten.xcdatamodeld */ = {
			isa = XCVersionGroup;
			children = (
				7264DA7226ECF50100BE7367 /* task_ten.xcdatamodel */,
			);
			currentVersion = 7264DA7226ECF50100BE7367 /* task_ten.xcdatamodel */;
			path = task_ten.xcdatamodeld;
			sourceTree = "<group>";
			versionGroupType = wrapper.xcdatamodel;
		};
/* End XCVersionGroup section */
	};
	rootObject = 7264DA5D26ECF50100BE7367 /* Project object */;
}
